
Microsoft Visual Studio Solution File, Format Version 12.00
# Visual Studio 2013
VisualStudioVersion = 12.0.30324.0
MinimumVisualStudioVersion = 10.0.40219.1
Project("{FAE04EC0-301F-11D3-BF4B-00C04F79EFBC}") = "FileCreator", "FileCreator\FileCreator.csproj", "{346D4F95-5272-4C85-945E-E763089FF0E6}"
EndProject
Project("{FAE04EC0-301F-11D3-BF4B-00C04F79EFBC}") = "Tests", "Tests\Tests.csproj", "{583F155D-3BD3-4F95-9129-110AC2C2D79B}"
EndProject
Global
	GlobalSection(SolutionConfigurationPlatforms) = preSolution
		Debug|Any CPU = Debug|Any CPU
		Release|Any CPU = Release|Any CPU
	EndGlobalSection
	GlobalSection(ProjectConfigurationPlatforms) = postSolution
		{346D4F95-5272-4C85-945E-E763089FF0E6}.Debug|Any CPU.ActiveCfg = Debug|Any CPU
		{346D4F95-5272-4C85-945E-E763089FF0E6}.Debug|Any CPU.Build.0 = Debug|Any CPU
		{346D4F95-5272-4C85-945E-E763089FF0E6}.Release|Any CPU.ActiveCfg = Release|Any CPU
		{346D4F95-5272-4C85-945E-E763089FF0E6}.Release|Any CPU.Build.0 = Release|Any CPU
		{583F155D-3BD3-4F95-9129-110AC2C2D79B}.Debug|Any CPU.ActiveCfg = Debug|Any CPU
		{583F155D-3BD3-4F95-9129-110AC2C2D79B}.Debug|Any CPU.Build.0 = Debug|Any CPU
		{583F155D-3BD3-4F95-9129-110AC2C2D79B}.Release|Any CPU.ActiveCfg = Release|Any CPU
		{583F155D-3BD3-4F95-9129-110AC2C2D79B}.Release|Any CPU.Build.0 = Release|Any CPU
	EndGlobalSection
	GlobalSection(SolutionProperties) = preSolution
		HideSolutionNode = FALSE
	EndGlobalSection
EndGlobal
